
Microsoft Visual Studio Solution File, Format Version 12.00
# Visual Studio Version 17
VisualStudioVersion = 17.2.32519.379
MinimumVisualStudioVersion = 10.0.40219.1
Project("{FAE04EC0-301F-11D3-BF4B-00C04F79EFBC}") = "Devops-Quiz4", "Devops-Quiz4\Devops-Quiz4.csproj", "{3C95E08F-C1BD-4B26-ADEE-56982F3CB0D2}"
EndProject
Global
	GlobalSection(SolutionConfigurationPlatforms) = preSolution
		Debug|Any CPU = Debug|Any CPU
		Release|Any CPU = Release|Any CPU
	EndGlobalSection
	GlobalSection(ProjectConfigurationPlatforms) = postSolution
		{3C95E08F-C1BD-4B26-ADEE-56982F3CB0D2}.Debug|Any CPU.ActiveCfg = Debug|Any CPU
		{3C95E08F-C1BD-4B26-ADEE-56982F3CB0D2}.Debug|Any CPU.Build.0 = Debug|Any CPU
		{3C95E08F-C1BD-4B26-ADEE-56982F3CB0D2}.Release|Any CPU.ActiveCfg = Release|Any CPU
		{3C95E08F-C1BD-4B26-ADEE-56982F3CB0D2}.Release|Any CPU.Build.0 = Release|Any CPU
	EndGlobalSection
	GlobalSection(SolutionProperties) = preSolution
		HideSolutionNode = FALSE
	EndGlobalSection
	GlobalSection(ExtensibilityGlobals) = postSolution
		SolutionGuid = {8C0F96B7-02AA-47FF-B874-A9EEB2814555}
	EndGlobalSection
EndGlobal
